{
  "version": 4,
  "terraform_version": "1.11.3",
  "serial": 37,
  "lineage": "4fb0d594-26a3-bdff-0214-baa8cd4b0160",
  "outputs": {},
  "resources": [
    {
      "mode": "managed",
      "type": "google_cloudfunctions_function",
      "name": "funfromtt",
      "provider": "provider[\"registry.terraform.io/hashicorp/google\"]",
      "instances": [
        {
          "schema_version": 0,
          "attributes": {
            "available_memory_mb": 128,
            "build_environment_variables": null,
            "description": "this is my fn from tf script - with some changes2",
            "entry_point": "helloworldtf",
            "environment_variables": {},
            "event_trigger": [],
            "https_trigger_url": "https://us-central1-extended-cable-455910-g2.cloudfunctions.net/funfromtfmanav",
            "id": "projects/extended-cable-455910-g2/locations/us-central1/functions/funfromtfmanav",
            "ingress_settings": "ALLOW_ALL",
            "labels": {},
            "max_instances": 0,
            "name": "funfromtfmanav",
            "project": "extended-cable-455910-g2",
            "region": "us-central1",
            "runtime": "nodejs22",
            "service_account_email": "extended-cable-455910-g2@appspot.gserviceaccount.com",
            "source_archive_bucket": "fun_bucket_tf_manav",
            "source_archive_object": "functioncodeindex.zip",
            "source_repository": [],
            "timeout": 60,
            "timeouts": null,
            "trigger_http": true,
            "vpc_connector": "",
            "vpc_connector_egress_settings": ""
          },
          "sensitive_attributes": [],
          "private": "eyJlMmJmYjczMC1lY2FhLTExZTYtOGY4OC0zNDM2M2JjN2M0YzAiOnsiY3JlYXRlIjozMDAwMDAwMDAwMDAsImRlbGV0ZSI6MzAwMDAwMDAwMDAwLCJyZWFkIjozMDAwMDAwMDAwMDAsInVwZGF0ZSI6MzAwMDAwMDAwMDAwfX0=",
          "dependencies": [
            "google_storage_bucket.fun_bucket",
            "google_storage_bucket_object.src-code"
          ]
        }
      ]
    },
    {
      "mode": "managed",
      "type": "google_cloudfunctions_function_iam_member",
      "name": "alloaccess",
      "provider": "provider[\"registry.terraform.io/hashicorp/google\"]",
      "instances": [
        {
          "schema_version": 0,
          "attributes": {
            "cloud_function": "projects/extended-cable-455910-g2/locations/us-central1/functions/funfromtfmanav",
            "condition": [],
            "etag": "BwYyko8vWks=",
            "id": "projects/extended-cable-455910-g2/locations/us-central1/functions/funfromtfmanav/roles/cloudfunctions.invoker/allUsers",
            "member": "allUsers",
            "project": "extended-cable-455910-g2",
            "region": "us-central1",
            "role": "roles/cloudfunctions.invoker"
          },
          "sensitive_attributes": [],
          "private": "bnVsbA==",
          "dependencies": [
            "google_cloudfunctions_function.funfromtt",
            "google_storage_bucket.fun_bucket",
            "google_storage_bucket_object.src-code"
          ]
        }
      ]
    },
    {
      "mode": "managed",
      "type": "google_storage_bucket",
      "name": "fun_bucket",
      "provider": "provider[\"registry.terraform.io/hashicorp/google\"]",
      "instances": [
        {
          "schema_version": 0,
          "attributes": {
            "bucket_policy_only": false,
            "cors": [],
            "default_event_based_hold": false,
            "encryption": [],
            "force_destroy": false,
            "id": "fun_bucket_tf_manav",
            "labels": {},
            "lifecycle_rule": [],
            "location": "US",
            "logging": [],
            "name": "fun_bucket_tf_manav",
            "project": "extended-cable-455910-g2",
            "requester_pays": false,
            "retention_policy": [],
            "self_link": "https://www.googleapis.com/storage/v1/b/fun_bucket_tf_manav",
            "storage_class": "STANDARD",
            "uniform_bucket_level_access": false,
            "url": "gs://fun_bucket_tf_manav",
            "versioning": [],
            "website": []
          },
          "sensitive_attributes": [],
          "private": "bnVsbA=="
        }
      ]
    },
    {
      "mode": "managed",
      "type": "google_storage_bucket_object",
      "name": "src-code",
      "provider": "provider[\"registry.terraform.io/hashicorp/google\"]",
      "instances": [
        {
          "schema_version": 0,
          "attributes": {
            "bucket": "fun_bucket_tf_manav",
            "cache_control": "",
            "content": null,
            "content_disposition": "",
            "content_encoding": "",
            "content_language": "",
            "content_type": "application/zip",
            "crc32c": "7ryqrQ==",
            "customer_encryption": [],
            "detect_md5hash": "sa/VIph5ETVfKBcV3B7sLg==",
            "event_based_hold": false,
            "id": "fun_bucket_tf_manav-functioncodeindex.zip",
            "kms_key_name": "",
            "md5hash": "sa/VIph5ETVfKBcV3B7sLg==",
            "media_link": "https://storage.googleapis.com/download/storage/v1/b/fun_bucket_tf_manav/o/functioncodeindex.zip?generation=1744454653373705\u0026alt=media",
            "metadata": {},
            "name": "functioncodeindex.zip",
            "output_name": "functioncodeindex.zip",
            "self_link": "https://www.googleapis.com/storage/v1/b/fun_bucket_tf_manav/o/functioncodeindex.zip",
            "source": "index.zip",
            "storage_class": "STANDARD",
            "temporary_hold": false,
            "timeouts": null
          },
          "sensitive_attributes": [
            [
              {
                "type": "get_attr",
                "value": "content"
              }
            ]
          ],
          "private": "eyJlMmJmYjczMC1lY2FhLTExZTYtOGY4OC0zNDM2M2JjN2M0YzAiOnsiY3JlYXRlIjoyNDAwMDAwMDAwMDAsImRlbGV0ZSI6MjQwMDAwMDAwMDAwLCJ1cGRhdGUiOjI0MDAwMDAwMDAwMH19",
          "dependencies": [
            "google_storage_bucket.fun_bucket"
          ]
        }
      ]
    }
  ],
  "check_results": null
}
