{
  "version": 4,
  "terraform_version": "1.11.3",
  "serial": 4,
  "lineage": "b588349a-f7db-9418-8b9a-52c8900b92a4",
  "outputs": {},
  "resources": [
    {
      "mode": "managed",
      "type": "local_file",
      "name": "devops",
      "provider": "provider[\"registry.terraform.io/hashicorp/local\"]",
      "instances": [
        {
          "schema_version": 0,
          "attributes": {
            "content": "This is coming from TF Learning",
            "content_base64": null,
            "content_base64sha256": "7InElzBe+PeHKg4HVVM61kaBQwv8vXK7CBdZZiTeNuU=",
            "content_base64sha512": "G3fxTPIThyD/Un5mCkT+NMS+pI+3WTsNXI7PPWQYjahoyHnWM5s9V9Tkl7hIw/ZlO0OyYO/7tF5uvmU5ne+lUw==",
            "content_md5": "d720394ecb764e4f32915805de868de7",
            "content_sha1": "559a304b2f285b7a2d33167d8fdeab16f08b2a0a",
            "content_sha256": "ec89c497305ef8f7872a0e0755533ad64681430bfcbd72bb0817596624de36e5",
            "content_sha512": "1b77f14cf2138720ff527e660a44fe34c4bea48fb7593b0d5c8ecf3d64188da868c879d6339b3d57d4e497b848c3f6653b43b260effbb45e6ebe65399defa553",
            "directory_permission": "0777",
            "file_permission": "0777",
            "filename": "devopsfile.txt",
            "id": "559a304b2f285b7a2d33167d8fdeab16f08b2a0a",
            "sensitive_content": null,
            "source": null
          },
          "sensitive_attributes": [
            [
              {
                "type": "get_attr",
                "value": "sensitive_content"
              }
            ]
          ]
        }
      ]
    }
  ],
  "check_results": null
}
