{
  "version": 4,
  "terraform_version": "1.11.3",
  "serial": 4,
  "lineage": "5f5601b7-6361-94af-132c-3541473e8b50",
  "outputs": {},
  "resources": [
    {
      "mode": "managed",
      "type": "google_storage_bucket",
      "name": "gcs1",
      "provider": "provider[\"registry.terraform.io/hashicorp/google\"]",
      "instances": [
        {
          "schema_version": 0,
          "attributes": {
            "bucket_policy_only": false,
            "cors": [],
            "default_event_based_hold": false,
            "encryption": [],
            "force_destroy": false,
            "id": "bucketfromtfmanav-up",
            "labels": {},
            "lifecycle_rule": [],
            "location": "US",
            "logging": [],
            "name": "bucketfromtfmanav-up",
            "project": "extended-cable-455910-g2",
            "requester_pays": false,
            "retention_policy": [],
            "self_link": "https://www.googleapis.com/storage/v1/b/bucketfromtfmanav-up",
            "storage_class": "STANDARD",
            "uniform_bucket_level_access": false,
            "url": "gs://bucketfromtfmanav-up",
            "versioning": [],
            "website": []
          },
          "sensitive_attributes": [],
          "private": "bnVsbA=="
        }
      ]
    }
  ],
  "check_results": null
}
