{
  "version": 4,
  "terraform_version": "1.11.3",
  "serial": 1,
  "lineage": "b588349a-f7db-9418-8b9a-52c8900b92a4",
  "outputs": {},
  "resources": [
    {
      "mode": "managed",
      "type": "local_file",
      "name": "devops",
      "provider": "provider[\"registry.terraform.io/hashicorp/local\"]",
      "instances": [
        {
          "schema_version": 0,
          "attributes": {
            "content": "This is from Terraform file",
            "content_base64": null,
            "content_base64sha256": "1wM4soBApZbSsT9ukamMpA2JyxFy7ut2UF6CeoPDNws=",
            "content_base64sha512": "NZBuHqejXQRcbj5ZDWRx/zHQi0yKxecSdLve4bqjCefirLcesyjsKszItm064HCp2lFltJ9mh0YBiNjFvwmFtA==",
            "content_md5": "a747b84365190ff730efdb2b8686bdab",
            "content_sha1": "13f6281891134c141f3398fa1e4d1127b124d90b",
            "content_sha256": "d70338b28040a596d2b13f6e91a98ca40d89cb1172eeeb76505e827a83c3370b",
            "content_sha512": "35906e1ea7a35d045c6e3e590d6471ff31d08b4c8ac5e71274bbdee1baa309e7e2acb71eb328ec2accc8b66d3ae070a9da5165b49f6687460188d8c5bf0985b4",
            "directory_permission": "0777",
            "file_permission": "0777",
            "filename": "devopsfile.txt",
            "id": "13f6281891134c141f3398fa1e4d1127b124d90b",
            "sensitive_content": null,
            "source": null
          },
          "sensitive_attributes": [
            [
              {
                "type": "get_attr",
                "value": "sensitive_content"
              }
            ]
          ]
        }
      ]
    }
  ],
  "check_results": null
}
