{
  "version": 4,
  "terraform_version": "1.11.3",
  "serial": 1,
  "lineage": "890d4ebf-00e7-ced1-a314-d0c26e3a3466",
  "outputs": {},
  "resources": [
    {
      "mode": "managed",
      "type": "local_file",
      "name": "config_file",
      "provider": "provider[\"registry.terraform.io/hashicorp/local\"]",
      "instances": [
        {
          "schema_version": 0,
          "attributes": {
            "content": "  Environment: dev\n  Created by: Terraform\n",
            "content_base64": null,
            "content_base64sha256": "Lt/KzinuYTvpmwySMib0GiY53wh0/yS6VzHkbFCMZNs=",
            "content_base64sha512": "FZQzgXwdvLysZeXzu25FjHmYNGYO5jwTNNWu4V6gg1OSlW3ZzZ+rw9pwowPdz2uV2f19oZrcOPMiVg+4od1W6w==",
            "content_md5": "2f74dbdc1cb0301c6c7989dbcca65659",
            "content_sha1": "66208f9590fae9fe9458c071185180d0a47ba662",
            "content_sha256": "2edfcace29ee613be99b0c923226f41a2639df0874ff24ba5731e46c508c64db",
            "content_sha512": "159433817c1dbcbcac65e5f3bb6e458c799834660ee63c1334d5aee15ea0835392956dd9cd9fabc3da70a303ddcf6b95d9fd7da19adc38f322560fb8a1dd56eb",
            "directory_permission": "0777",
            "file_permission": "0777",
            "filename": "dev_config.txt",
            "id": "66208f9590fae9fe9458c071185180d0a47ba662",
            "sensitive_content": null,
            "source": null
          },
          "sensitive_attributes": [
            [
              {
                "type": "get_attr",
                "value": "sensitive_content"
              }
            ]
          ]
        }
      ]
    }
  ],
  "check_results": null
}
