{
  "version": 4,
  "terraform_version": "1.11.3",
  "serial": 16,
  "lineage": "aa2d5df5-373c-6214-5692-2df57b6efb55",
  "outputs": {},
  "resources": [
    {
      "mode": "managed",
      "type": "google_storage_bucket",
      "name": "gcs2",
      "provider": "provider[\"registry.terraform.io/hashicorp/google\"]",
      "instances": [
        {
          "schema_version": 0,
          "attributes": {
            "bucket_policy_only": true,
            "cors": [],
            "default_event_based_hold": false,
            "encryption": [],
            "force_destroy": false,
            "id": "tf-bucket-from-vscode",
            "labels": {
              "dep": "dbbuk",
              "env": "dev-learning"
            },
            "lifecycle_rule": [],
            "location": "US-WEST1",
            "logging": [],
            "name": "tf-bucket-from-vscode",
            "project": "extended-cable-455910-g2",
            "requester_pays": false,
            "retention_policy": [],
            "self_link": "https://www.googleapis.com/storage/v1/b/tf-bucket-from-vscode",
            "storage_class": "NEARLINE",
            "uniform_bucket_level_access": true,
            "url": "gs://tf-bucket-from-vscode",
            "versioning": [],
            "website": []
          },
          "sensitive_attributes": [],
          "private": "bnVsbA=="
        }
      ]
    },
    {
      "mode": "managed",
      "type": "google_storage_bucket_object",
      "name": "picture",
      "provider": "provider[\"registry.terraform.io/hashicorp/google\"]",
      "instances": [
        {
          "schema_version": 0,
          "attributes": {
            "bucket": "tf-bucket-from-vscode",
            "cache_control": "",
            "content": null,
            "content_disposition": "",
            "content_encoding": "",
            "content_language": "",
            "content_type": "image/jpeg",
            "crc32c": "jbqpEA==",
            "customer_encryption": [],
            "detect_md5hash": "LSi3c/uBqvBiekDk7feZxQ==",
            "event_based_hold": false,
            "id": "tf-bucket-from-vscode-My first image",
            "kms_key_name": "",
            "md5hash": "LSi3c/uBqvBiekDk7feZxQ==",
            "media_link": "https://storage.googleapis.com/download/storage/v1/b/tf-bucket-from-vscode/o/My%20first%20image?generation=1743919596281689\u0026alt=media",
            "metadata": null,
            "name": "My first image",
            "output_name": "My first image",
            "self_link": "https://www.googleapis.com/storage/v1/b/tf-bucket-from-vscode/o/My%20first%20image",
            "source": "IMG20250331223028.jpg",
            "storage_class": "NEARLINE",
            "temporary_hold": false,
            "timeouts": null
          },
          "sensitive_attributes": [
            [
              {
                "type": "get_attr",
                "value": "content"
              }
            ]
          ],
          "private": "eyJlMmJmYjczMC1lY2FhLTExZTYtOGY4OC0zNDM2M2JjN2M0YzAiOnsiY3JlYXRlIjoyNDAwMDAwMDAwMDAsImRlbGV0ZSI6MjQwMDAwMDAwMDAwLCJ1cGRhdGUiOjI0MDAwMDAwMDAwMH19",
          "dependencies": [
            "google_storage_bucket.gcs2"
          ]
        }
      ]
    }
  ],
  "check_results": null
}
