{
  "version": 4,
  "terraform_version": "1.11.3",
  "serial": 14,
  "lineage": "aa2d5df5-373c-6214-5692-2df57b6efb55",
  "outputs": {},
  "resources": [
    {
      "mode": "managed",
      "type": "google_storage_bucket",
      "name": "gcs2",
      "provider": "provider[\"registry.terraform.io/hashicorp/google\"]",
      "instances": [
        {
          "schema_version": 0,
          "attributes": {
            "bucket_policy_only": false,
            "cors": [],
            "default_event_based_hold": false,
            "encryption": [],
            "force_destroy": false,
            "id": "tf-bucket-from-vscode",
            "labels": {
              "dep": "dbbuk",
              "env": "dev-learning"
            },
            "lifecycle_rule": [],
            "location": "US-WEST1",
            "logging": [],
            "name": "tf-bucket-from-vscode",
            "project": "extended-cable-455910-g2",
            "requester_pays": false,
            "retention_policy": [],
            "self_link": "https://www.googleapis.com/storage/v1/b/tf-bucket-from-vscode",
            "storage_class": "NEARLINE",
            "uniform_bucket_level_access": true,
            "url": "gs://tf-bucket-from-vscode",
            "versioning": [],
            "website": []
          },
          "sensitive_attributes": [],
          "private": "bnVsbA=="
        }
      ]
    }
  ],
  "check_results": null
}
