{
  "version": 4,
  "terraform_version": "1.11.3",
  "serial": 4,
  "lineage": "d20c71f3-5277-3b60-acfd-62b4b12e6010",
  "outputs": {},
  "resources": [
    {
      "mode": "managed",
      "type": "local_file",
      "name": "devops3",
      "provider": "provider[\"registry.terraform.io/hashicorp/local\"]",
      "instances": [
        {
          "index_key": "file1",
          "schema_version": 0,
          "attributes": {
            "content": "file1",
            "content_base64": null,
            "content_base64sha256": "wUfvz8LX6mZqnk9Rh7EVyQkD8PyJalbfmm712PP8nzE=",
            "content_base64sha512": "EZwZ+GijMQmFLAnWb2pcc6fNUvODJQIKRhzZSnTt74hwn8vFR9ltCtnaZxJg/EIyLRdzeLrXooX13wP44o+FZQ==",
            "content_md5": "826e8142e6baabe8af779f5f490cf5f5",
            "content_sha1": "60b27f004e454aca81b0480209cce5081ec52390",
            "content_sha256": "c147efcfc2d7ea666a9e4f5187b115c90903f0fc896a56df9a6ef5d8f3fc9f31",
            "content_sha512": "119c19f868a33109852c09d66f6a5c73a7cd52f38325020a461cd94a74edef88709fcbc547d96d0ad9da671260fc42322d177378bad7a285f5df03f8e28f8565",
            "directory_permission": "0777",
            "file_permission": "0777",
            "filename": "file1",
            "id": "60b27f004e454aca81b0480209cce5081ec52390",
            "sensitive_content": null,
            "source": null
          },
          "sensitive_attributes": [
            [
              {
                "type": "get_attr",
                "value": "sensitive_content"
              }
            ]
          ]
        },
        {
          "index_key": "file2",
          "schema_version": 0,
          "attributes": {
            "content": "file2",
            "content_base64": null,
            "content_base64sha256": "M3eHDf6qp633mjdNJwKj/bE+Xl6g3YqpWoAq05BEqS8=",
            "content_base64sha512": "64J/HBgzc9FJWOAlPlhJZFWCH6dHmW8J0mcMufn/F7XvM0b/udEiv1N/zDvWSA+5Fu0+kGdj87yYtSBibvhjKQ==",
            "content_md5": "1c1c96fd2cf8330db0bfa936ce82f3b9",
            "content_sha1": "cb99b709a1978bd205ab9dfd4c5aaa1fc91c7523",
            "content_sha256": "3377870dfeaaa7adf79a374d2702a3fdb13e5e5ea0dd8aa95a802ad39044a92f",
            "content_sha512": "eb827f1c183373d14958e0253e58496455821fa747996f09d2670cb9f9ff17b5ef3346ffb9d122bf537fcc3bd6480fb916ed3e906763f3bc98b520626ef86329",
            "directory_permission": "0777",
            "file_permission": "0777",
            "filename": "file2",
            "id": "cb99b709a1978bd205ab9dfd4c5aaa1fc91c7523",
            "sensitive_content": null,
            "source": null
          },
          "sensitive_attributes": [
            [
              {
                "type": "get_attr",
                "value": "sensitive_content"
              }
            ]
          ]
        },
        {
          "index_key": "file3",
          "schema_version": 0,
          "attributes": {
            "content": "file3",
            "content_base64": null,
            "content_base64sha256": "bz/vbcUceZanSZK3DQw18yjtkJpeB2Rs8LqzODyVuwI=",
            "content_base64sha512": "sQ/4Z98YFloOEA2ZzT0n+EX375rYTutielOquuoEgFlAw2kxVLijJUGjGIfdqfseZn6TMHRzscWBAhcUdovQMg==",
            "content_md5": "2548729e9c3c60cc3789dfb2408e475d",
            "content_sha1": "d5b0a58bc47161b1b8a831084b366f757c4f0b11",
            "content_sha256": "6f3fef6dc51c7996a74992b70d0c35f328ed909a5e07646cf0bab3383c95bb02",
            "content_sha512": "b10ff867df18165a0e100d99cd3d27f845f7ef9ad84eeb627a53aabaea04805940c3693154b8a32541a31887dda9fb1e667e93307473b1c581021714768bd032",
            "directory_permission": "0777",
            "file_permission": "0777",
            "filename": "file3",
            "id": "d5b0a58bc47161b1b8a831084b366f757c4f0b11",
            "sensitive_content": null,
            "source": null
          },
          "sensitive_attributes": [
            [
              {
                "type": "get_attr",
                "value": "sensitive_content"
              }
            ]
          ]
        },
        {
          "index_key": "filen",
          "schema_version": 0,
          "attributes": {
            "content": "filen",
            "content_base64": null,
            "content_base64sha256": "yFoY16+iToOZNPQN5nc+BOXW4mrqlY8aJ4uq+xb7TKU=",
            "content_base64sha512": "ia5eX2JMSKlH3dyoMVc7xgOaxJvS22Y1lcSsNOvMrhmLO8w8zHEB64QT36AipmPChoUwpQ3MQQWxsMZgnBnERw==",
            "content_md5": "9cec235a46520d34f236a4db04ed22d4",
            "content_sha1": "8e8a1da1d6d1e320294688e003ae2e55a1a74e66",
            "content_sha256": "c85a18d7afa24e839934f40de6773e04e5d6e26aea958f1a278baafb16fb4ca5",
            "content_sha512": "89ae5e5f624c48a947dddca831573bc6039ac49bd2db663595c4ac34ebccae198b3bcc3ccc7101eb8413dfa022a663c2868530a50dcc4105b1b0c6609c19c447",
            "directory_permission": "0777",
            "file_permission": "0777",
            "filename": "filen",
            "id": "8e8a1da1d6d1e320294688e003ae2e55a1a74e66",
            "sensitive_content": null,
            "source": null
          },
          "sensitive_attributes": [
            [
              {
                "type": "get_attr",
                "value": "sensitive_content"
              }
            ]
          ]
        }
      ]
    }
  ],
  "check_results": null
}
