{
  "version": 4,
  "terraform_version": "1.11.3",
  "serial": 7,
  "lineage": "b588349a-f7db-9418-8b9a-52c8900b92a4",
  "outputs": {},
  "resources": [
    {
      "mode": "managed",
      "type": "local_file",
      "name": "devops",
      "provider": "provider[\"registry.terraform.io/hashicorp/local\"]",
      "instances": [
        {
          "schema_version": 0,
          "attributes": {
            "content": "This is coming from variables.tf file",
            "content_base64": null,
            "content_base64sha256": "AuF4UCemLlBCKqcMaZI32xOLBRLI8IH/O7ZdTHewtMg=",
            "content_base64sha512": "tunkaw9b42Q6HHV9TxQ35p9G47FrqOW4VHoWU4Gc2/ZHmYAz7ds8FDaWnLD3/xxXfriAX27PfDRiNFdJZwmCQQ==",
            "content_md5": "c39009d4c38cb835b41c825beb728899",
            "content_sha1": "eebdbe85e713030510485ab274e80abf2c4eb86a",
            "content_sha256": "02e1785027a62e50422aa70c699237db138b0512c8f081ff3bb65d4c77b0b4c8",
            "content_sha512": "b6e9e46b0f5be3643a1c757d4f1437e69f46e3b16ba8e5b8547a1653819cdbf647998033eddb3c1436969cb0f7ff1c577eb8805f6ecf7c346234574967098241",
            "directory_permission": "0777",
            "file_permission": "0777",
            "filename": "devops-automated.txt",
            "id": "eebdbe85e713030510485ab274e80abf2c4eb86a",
            "sensitive_content": null,
            "source": null
          },
          "sensitive_attributes": [
            [
              {
                "type": "get_attr",
                "value": "sensitive_content"
              }
            ]
          ]
        }
      ]
    }
  ],
  "check_results": null
}
