{
  "version": 4,
  "terraform_version": "1.11.3",
  "serial": 13,
  "lineage": "da73dad2-4dd2-2e31-4642-8407843e2b29",
  "outputs": {
    "devops_op_trainer": {
      "value": "Manvendra Singh Yadav4",
      "type": "string"
    },
    "showing_gce_machine_detail": {
      "value": [
        {
          "ami": "ami-76664cdeesa11",
          "instances": 0,
          "keys": [
            "keys1.pem",
            "keys2.pem"
          ],
          "name": "my-gce-instance"
        }
      ],
      "type": [
        "tuple",
        [
          [
            "object",
            {
              "ami": "string",
              "instances": "number",
              "keys": [
                "list",
                "string"
              ],
              "name": "string"
            }
          ]
        ]
      ]
    },
    "showing_gce_machine_instances": {
      "value": 0,
      "type": "number"
    },
    "showing_gce_machine_keys": {
      "value": [
        "keys1.pem",
        "keys2.pem"
      ],
      "type": [
        "list",
        "string"
      ]
    },
    "showing_gce_machine_name": {
      "value": "my-gce-instance",
      "type": "string"
    }
  },
  "resources": [
    {
      "mode": "managed",
      "type": "local_file",
      "name": "devops",
      "provider": "provider[\"registry.terraform.io/hashicorp/local\"]",
      "instances": [
        {
          "schema_version": 0,
          "attributes": {
            "content": "This is coming from map and content1",
            "content_base64": null,
            "content_base64sha256": "yMoNj+oiFm4NMuQELEnu3HUCiKSVw0WsRUJ7PYWqNPo=",
            "content_base64sha512": "mwTj+TOri9lzvccv3FcTEH59r0N79r+SjfUrVRZfciR7jE9g+0jruYcPmxBdlQh/h85daRI80fVOnCIpAneVzw==",
            "content_md5": "12794f93efe76a9054888e5b2464b42e",
            "content_sha1": "2bfbfa1bd7ba4bdcc24e9361290602caad4db145",
            "content_sha256": "c8ca0d8fea22166e0d32e4042c49eedc750288a495c345ac45427b3d85aa34fa",
            "content_sha512": "9b04e3f933ab8bd973bdc72fdc5713107e7daf437bf6bf928df52b55165f72247b8c4f60fb48ebb9870f9b105d95087f87ce5d69123cd1f54e9c2229027795cf",
            "directory_permission": "0777",
            "file_permission": "0777",
            "filename": "first.txt",
            "id": "2bfbfa1bd7ba4bdcc24e9361290602caad4db145",
            "sensitive_content": null,
            "source": null
          },
          "sensitive_attributes": [
            [
              {
                "type": "get_attr",
                "value": "sensitive_content"
              }
            ]
          ]
        }
      ]
    },
    {
      "mode": "managed",
      "type": "local_file",
      "name": "devops-var",
      "provider": "provider[\"registry.terraform.io/hashicorp/local\"]",
      "instances": [
        {
          "schema_version": 0,
          "attributes": {
            "content": "This is coming from map and content2",
            "content_base64": null,
            "content_base64sha256": "la0PXIl1ocotTsGYhwJVqZ1AZNSc18LpLtJgPh4mvQ4=",
            "content_base64sha512": "pKACVEJGlAq+f37d+B9317wYf65s1slUW3+iRRhsL747zY+ztqP4+5wmlGAFfAwAxFngLMx55KfY02xxLPsF/A==",
            "content_md5": "d9202de0ee6495ff924b02eb585bdde3",
            "content_sha1": "321d79e3506d304e51cc9227794e90bc6d625335",
            "content_sha256": "95ad0f5c8975a1ca2d4ec198870255a99d4064d49cd7c2e92ed2603e1e26bd0e",
            "content_sha512": "a4a002544246940abe7f7eddf81f77d7bc187fae6cd6c9545b7fa245186c2fbe3bcd8fb3b6a3f8fb9c269460057c0c00c459e02ccc79e4a7d8d36c712cfb05fc",
            "directory_permission": "0777",
            "file_permission": "0777",
            "filename": "second.txt",
            "id": "321d79e3506d304e51cc9227794e90bc6d625335",
            "sensitive_content": null,
            "source": null
          },
          "sensitive_attributes": [
            [
              {
                "type": "get_attr",
                "value": "sensitive_content"
              }
            ]
          ]
        }
      ]
    }
  ],
  "check_results": null
}
