{
  "version": 4,
  "terraform_version": "1.11.3",
  "serial": 4,
  "lineage": "07a792d8-e453-ebaf-c744-9c102071e65a",
  "outputs": {},
  "resources": [
    {
      "mode": "managed",
      "type": "local_file",
      "name": "devops",
      "provider": "provider[\"registry.terraform.io/hashicorp/local\"]",
      "instances": [
        {
          "schema_version": 0,
          "attributes": {
            "content": "This is devops test file",
            "content_base64": null,
            "content_base64sha256": "2kayB8j5qaaZOECIxU/mZkZtBbYRQ9T8ImLjsx4Oo7Q=",
            "content_base64sha512": "Uc4urfWcK65xTOJyolgRd1uRxLnWwj83Dgzh12MCZ6yfWPWHN8fjx1qmdyH33s/f79D4JPbtPi0B6piFBoU1YQ==",
            "content_md5": "021ccf4440c68eacc20d2c955e151ba2",
            "content_sha1": "b759d38fb38524f1c6a1efc86aa5beb85fd63fbe",
            "content_sha256": "da46b207c8f9a9a699384088c54fe666466d05b61143d4fc2262e3b31e0ea3b4",
            "content_sha512": "51ce2eadf59c2bae714ce272a25811775b91c4b9d6c23f370e0ce1d7630267ac9f58f58737c7e3c75aa67721f7decfdfefd0f824f6ed3e2d01ea988506853561",
            "directory_permission": "0777",
            "file_permission": "0777",
            "filename": "devops-test.txt",
            "id": "b759d38fb38524f1c6a1efc86aa5beb85fd63fbe",
            "sensitive_content": null,
            "source": null
          },
          "sensitive_attributes": [
            [
              {
                "type": "get_attr",
                "value": "sensitive_content"
              }
            ]
          ]
        }
      ]
    },
    {
      "mode": "managed",
      "type": "local_file",
      "name": "devops-var",
      "provider": "provider[\"registry.terraform.io/hashicorp/local\"]",
      "instances": [
        {
          "schema_version": 0,
          "attributes": {
            "content": "This is automated content",
            "content_base64": null,
            "content_base64sha256": "/gTzq4W9Vhs89fFQWyT3TiBWIF6S7saHH0MolTgFVEg=",
            "content_base64sha512": "ja8azeUDzi8lz2VXxA3Ymy13FE7m45dThGTY/iFT84YEii/b2hAbYZGGJ+cmjQkP7wBcJQx1miai1LfivULUrQ==",
            "content_md5": "09e10fa057eac9212678f677d94515f1",
            "content_sha1": "558ef37484d6ad83849d88e00107ca9366c35892",
            "content_sha256": "fe04f3ab85bd561b3cf5f1505b24f74e2056205e92eec6871f43289538055448",
            "content_sha512": "8daf1acde503ce2f25cf6557c40dd89b2d77144ee6e397538464d8fe2153f386048a2fdbda101b61918627e7268d090fef005c250c759a26a2d4b7e2bd42d4ad",
            "directory_permission": "0777",
            "file_permission": "0777",
            "filename": "devops-automated.txt",
            "id": "558ef37484d6ad83849d88e00107ca9366c35892",
            "sensitive_content": null,
            "source": null
          },
          "sensitive_attributes": [
            [
              {
                "type": "get_attr",
                "value": "sensitive_content"
              }
            ]
          ]
        }
      ]
    }
  ],
  "check_results": null
}
