{
  "version": 4,
  "terraform_version": "1.11.3",
  "serial": 11,
  "lineage": "8ea6dcb7-6d39-e798-1e50-9bfdb2706804",
  "outputs": {
    "auto": {
      "value": "projects/extended-cable-455910-g2/global/networks/autovpc",
      "type": "string"
    },
    "custom": {
      "value": "projects/extended-cable-455910-g2/global/networks/customvpc",
      "type": "string"
    }
  },
  "resources": [
    {
      "mode": "managed",
      "type": "google_compute_firewall",
      "name": "allow-icmp",
      "provider": "provider[\"registry.terraform.io/hashicorp/google\"]",
      "instances": [
        {
          "schema_version": 1,
          "attributes": {
            "allow": [
              {
                "ports": [],
                "protocol": "icmp"
              }
            ],
            "creation_timestamp": "2025-04-06T02:14:28.098-07:00",
            "deny": [],
            "description": "",
            "destination_ranges": [],
            "direction": "INGRESS",
            "disabled": false,
            "enable_logging": null,
            "id": "projects/extended-cable-455910-g2/global/firewalls/allow-icmp",
            "log_config": [],
            "name": "allow-icmp",
            "network": "https://www.googleapis.com/compute/v1/projects/extended-cable-455910-g2/global/networks/customvpc",
            "priority": 1000,
            "project": "extended-cable-455910-g2",
            "self_link": "https://www.googleapis.com/compute/v1/projects/extended-cable-455910-g2/global/firewalls/allow-icmp",
            "source_ranges": [
              "10.0.0.9/32"
            ],
            "source_service_accounts": null,
            "source_tags": null,
            "target_service_accounts": null,
            "target_tags": null,
            "timeouts": null
          },
          "sensitive_attributes": [],
          "private": "eyJlMmJmYjczMC1lY2FhLTExZTYtOGY4OC0zNDM2M2JjN2M0YzAiOnsiY3JlYXRlIjoyNDAwMDAwMDAwMDAsImRlbGV0ZSI6MjQwMDAwMDAwMDAwLCJ1cGRhdGUiOjI0MDAwMDAwMDAwMH0sInNjaGVtYV92ZXJzaW9uIjoiMSJ9",
          "dependencies": [
            "google_compute_network.customvpc"
          ]
        }
      ]
    },
    {
      "mode": "managed",
      "type": "google_compute_network",
      "name": "autovpc",
      "provider": "provider[\"registry.terraform.io/hashicorp/google\"]",
      "instances": [
        {
          "schema_version": 0,
          "attributes": {
            "auto_create_subnetworks": true,
            "delete_default_routes_on_create": false,
            "description": "",
            "gateway_ipv4": "",
            "id": "projects/extended-cable-455910-g2/global/networks/autovpc",
            "mtu": 0,
            "name": "autovpc",
            "project": "extended-cable-455910-g2",
            "routing_mode": "REGIONAL",
            "self_link": "https://www.googleapis.com/compute/v1/projects/extended-cable-455910-g2/global/networks/autovpc",
            "timeouts": null
          },
          "sensitive_attributes": [],
          "private": "eyJlMmJmYjczMC1lY2FhLTExZTYtOGY4OC0zNDM2M2JjN2M0YzAiOnsiY3JlYXRlIjoyNDAwMDAwMDAwMDAsImRlbGV0ZSI6MjQwMDAwMDAwMDAwLCJ1cGRhdGUiOjI0MDAwMDAwMDAwMH19"
        }
      ]
    },
    {
      "mode": "managed",
      "type": "google_compute_network",
      "name": "customvpc",
      "provider": "provider[\"registry.terraform.io/hashicorp/google\"]",
      "instances": [
        {
          "schema_version": 0,
          "attributes": {
            "auto_create_subnetworks": false,
            "delete_default_routes_on_create": false,
            "description": "",
            "gateway_ipv4": "",
            "id": "projects/extended-cable-455910-g2/global/networks/customvpc",
            "mtu": 0,
            "name": "customvpc",
            "project": "extended-cable-455910-g2",
            "routing_mode": "REGIONAL",
            "self_link": "https://www.googleapis.com/compute/v1/projects/extended-cable-455910-g2/global/networks/customvpc",
            "timeouts": null
          },
          "sensitive_attributes": [],
          "private": "eyJlMmJmYjczMC1lY2FhLTExZTYtOGY4OC0zNDM2M2JjN2M0YzAiOnsiY3JlYXRlIjoyNDAwMDAwMDAwMDAsImRlbGV0ZSI6MjQwMDAwMDAwMDAwLCJ1cGRhdGUiOjI0MDAwMDAwMDAwMH19"
        }
      ]
    },
    {
      "mode": "managed",
      "type": "google_compute_subnetwork",
      "name": "sub-singapore",
      "provider": "provider[\"registry.terraform.io/hashicorp/google\"]",
      "instances": [
        {
          "schema_version": 0,
          "attributes": {
            "creation_timestamp": "2025-04-06T01:59:00.265-07:00",
            "description": "",
            "fingerprint": null,
            "gateway_address": "10.1.0.1",
            "id": "projects/extended-cable-455910-g2/regions/asia-southeast1/subnetworks/sub-sg",
            "ip_cidr_range": "10.1.0.0/24",
            "log_config": [],
            "name": "sub-sg",
            "network": "https://www.googleapis.com/compute/v1/projects/extended-cable-455910-g2/global/networks/customvpc",
            "private_ip_google_access": false,
            "private_ipv6_google_access": "DISABLE_GOOGLE_ACCESS",
            "project": "extended-cable-455910-g2",
            "purpose": "PRIVATE",
            "region": "asia-southeast1",
            "role": "",
            "secondary_ip_range": [],
            "self_link": "https://www.googleapis.com/compute/v1/projects/extended-cable-455910-g2/regions/asia-southeast1/subnetworks/sub-sg",
            "timeouts": null
          },
          "sensitive_attributes": [],
          "private": "eyJlMmJmYjczMC1lY2FhLTExZTYtOGY4OC0zNDM2M2JjN2M0YzAiOnsiY3JlYXRlIjozNjAwMDAwMDAwMDAsImRlbGV0ZSI6MzYwMDAwMDAwMDAwLCJ1cGRhdGUiOjM2MDAwMDAwMDAwMH19",
          "dependencies": [
            "google_compute_network.customvpc"
          ]
        }
      ]
    }
  ],
  "check_results": null
}
