{
  "version": 4,
  "terraform_version": "1.11.3",
  "serial": 3,
  "lineage": "b96b5d9d-fdd1-e192-aeaa-c43871a288c4",
  "outputs": {},
  "resources": [
    {
      "mode": "managed",
      "type": "google_pubsub_topic",
      "name": "topic-tf",
      "provider": "provider[\"registry.terraform.io/hashicorp/google\"]",
      "instances": [
        {
          "schema_version": 0,
          "attributes": {
            "id": "projects/extended-cable-455910-g2/topics/topic-tf",
            "kms_key_name": "",
            "labels": null,
            "message_storage_policy": [],
            "name": "topic-tf",
            "project": "extended-cable-455910-g2",
            "schema_settings": [],
            "timeouts": null
          },
          "sensitive_attributes": [],
          "private": "eyJlMmJmYjczMC1lY2FhLTExZTYtOGY4OC0zNDM2M2JjN2M0YzAiOnsiY3JlYXRlIjozNjAwMDAwMDAwMDAsImRlbGV0ZSI6MjQwMDAwMDAwMDAwLCJ1cGRhdGUiOjM2MDAwMDAwMDAwMH19"
        }
      ]
    }
  ],
  "check_results": null
}
