{
  "version": 4,
  "terraform_version": "1.11.3",
  "serial": 3,
  "lineage": "236c3a2e-47db-59a7-29a4-b4bd5bc9fc78",
  "outputs": {},
  "resources": [
    {
      "mode": "managed",
      "type": "google_storage_bucket",
      "name": "gcs1",
      "provider": "provider[\"registry.terraform.io/hashicorp/google\"]",
      "instances": [
        {
          "schema_version": 0,
          "attributes": {
            "bucket_policy_only": false,
            "cors": [],
            "default_event_based_hold": false,
            "encryption": [],
            "force_destroy": false,
            "id": "bucketfromtfmanav-using-sa",
            "labels": null,
            "lifecycle_rule": [],
            "location": "US",
            "logging": [],
            "name": "bucketfromtfmanav-using-sa",
            "project": "extended-cable-455910-g2",
            "requester_pays": false,
            "retention_policy": [],
            "self_link": "https://www.googleapis.com/storage/v1/b/bucketfromtfmanav-using-sa",
            "storage_class": "STANDARD",
            "uniform_bucket_level_access": false,
            "url": "gs://bucketfromtfmanav-using-sa",
            "versioning": [],
            "website": []
          },
          "sensitive_attributes": [],
          "private": "bnVsbA=="
        }
      ]
    }
  ],
  "check_results": null
}
