{
  "version": 4,
  "terraform_version": "1.11.3",
  "serial": 4,
  "lineage": "31495149-7f56-980f-ad4f-afaf5d07b25b",
  "outputs": {},
  "resources": [
    {
      "mode": "managed",
      "type": "local_file",
      "name": "devops3",
      "provider": "provider[\"registry.terraform.io/hashicorp/local\"]",
      "instances": [
        {
          "index_key": 0,
          "schema_version": 0,
          "attributes": {
            "content": "filecontent1",
            "content_base64": null,
            "content_base64sha256": "2ZKbTki2q12cXg2kpbm/ifXGPdCgjH680q+74ZQ2v9s=",
            "content_base64sha512": "e8iw++X2OR7Ic6QPv9GkuDlZk8RyL0SFu4Ii3cWU4JCeC8pFyAk5DQtcdEIdH38sLctnui/f0NOh1iMQG+sv/A==",
            "content_md5": "ec60a9e6e8cce5fdb3fad083b9a299d1",
            "content_sha1": "c37adce2611b79584368d430d52dcdd8a7f9fb21",
            "content_sha256": "d9929b4e48b6ab5d9c5e0da4a5b9bf89f5c63dd0a08c7ebcd2afbbe19436bfdb",
            "content_sha512": "7bc8b0fbe5f6391ec873a40fbfd1a4b8395993c4722f4485bb8222ddc594e0909e0bca45c809390d0b5c74421d1f7f2c2dcb67ba2fdfd0d3a1d623101beb2ffc",
            "directory_permission": "0777",
            "file_permission": "0777",
            "filename": "file1",
            "id": "c37adce2611b79584368d430d52dcdd8a7f9fb21",
            "sensitive_content": null,
            "source": null
          },
          "sensitive_attributes": [
            [
              {
                "type": "get_attr",
                "value": "sensitive_content"
              }
            ]
          ]
        },
        {
          "index_key": 1,
          "schema_version": 0,
          "attributes": {
            "content": "filecontent2",
            "content_base64": null,
            "content_base64sha256": "7DpTtS6xGAjVnSn/0BVo7fLWLNycAt74TQoRcE1VLeI=",
            "content_base64sha512": "+VyWnrd7RcCn6ZEnTjg/uw2XDqKM9QtQY3vVjodA7VcnI8AORZzEaDaYjX2nNWL2HDFNQVVUoGOUKc6/62BXkw==",
            "content_md5": "31a213f41fb6c7762dd6eff00e1824e6",
            "content_sha1": "99beaa73cba6f1a35e18f4244bcc647c51ec9057",
            "content_sha256": "ec3a53b52eb11808d59d29ffd01568edf2d62cdc9c02def84d0a11704d552de2",
            "content_sha512": "f95c969eb77b45c0a7e991274e383fbb0d970ea28cf50b50637bd58e8740ed572723c00e459cc46836988d7da73562f61c314d415554a0639429cebfeb605793",
            "directory_permission": "0777",
            "file_permission": "0777",
            "filename": "file2",
            "id": "99beaa73cba6f1a35e18f4244bcc647c51ec9057",
            "sensitive_content": null,
            "source": null
          },
          "sensitive_attributes": [
            [
              {
                "type": "get_attr",
                "value": "sensitive_content"
              }
            ]
          ]
        },
        {
          "index_key": 2,
          "schema_version": 0,
          "attributes": {
            "content": "filecontent3",
            "content_base64": null,
            "content_base64sha256": "SV4yocVhXFzyNtmcHsU5AwhmMO3culGh+LVDv18idb4=",
            "content_base64sha512": "MpDNW581pMjQVb+1sey1JA5e0uG/oeSipmSickq6LGQ6nu9DtgtIjP6Kpah9ah3D/pIe98TbVgAEenlGbXGDRg==",
            "content_md5": "cb0fdc9ecea46bd9bc746f764e1e39a3",
            "content_sha1": "b2039247518442aa01786c8b60f04cefafdc2173",
            "content_sha256": "495e32a1c5615c5cf236d99c1ec53903086630eddcba51a1f8b543bf5f2275be",
            "content_sha512": "3290cd5b9f35a4c8d055bfb5b1ecb5240e5ed2e1bfa1e4a2a664a2724aba2c643a9eef43b60b488cfe8aa5a87d6a1dc3fe921ef7c4db5600047a79466d718346",
            "directory_permission": "0777",
            "file_permission": "0777",
            "filename": "file3",
            "id": "b2039247518442aa01786c8b60f04cefafdc2173",
            "sensitive_content": null,
            "source": null
          },
          "sensitive_attributes": [
            [
              {
                "type": "get_attr",
                "value": "sensitive_content"
              }
            ]
          ]
        }
      ]
    }
  ],
  "check_results": null
}
