{
  "version": 4,
  "terraform_version": "1.11.3",
  "serial": 1,
  "lineage": "da73dad2-4dd2-2e31-4642-8407843e2b29",
  "outputs": {
    "devops_op_trainer": {
      "value": "Manvendra Singh Yadav4",
      "type": "string"
    }
  },
  "resources": [
    {
      "mode": "managed",
      "type": "local_file",
      "name": "devops",
      "provider": "provider[\"registry.terraform.io/hashicorp/local\"]",
      "instances": [
        {
          "schema_version": 0,
          "attributes": {
            "content": "this is a cool content1",
            "content_base64": null,
            "content_base64sha256": "vuRtpr01YPXyNsqOmGUbulv5uIuTassdDknfCW3rgXo=",
            "content_base64sha512": "nL2M02f9LjHBn1XGy9FryK+4raeEjz8n0V7iZdgChwXeENRioE8eCvAXtZNXsgeeZYnjtnfPQem34UwHo8A5Ew==",
            "content_md5": "0f3d7ed3b6c8d987b87b23d318297dac",
            "content_sha1": "36a5a9eccd3dd422ba02636b9deb35025a0fc83a",
            "content_sha256": "bee46da6bd3560f5f236ca8e98651bba5bf9b88b936acb1d0e49df096deb817a",
            "content_sha512": "9cbd8cd367fd2e31c19f55c6cbd16bc8afb8ada7848f3f27d15ee265d8028705de10d462a04f1e0af017b59357b2079e6589e3b677cf41e9b7e14c07a3c03913",
            "directory_permission": "0777",
            "file_permission": "0777",
            "filename": "devops-test.txt",
            "id": "36a5a9eccd3dd422ba02636b9deb35025a0fc83a",
            "sensitive_content": null,
            "source": null
          },
          "sensitive_attributes": [
            [
              {
                "type": "get_attr",
                "value": "sensitive_content"
              }
            ]
          ]
        }
      ]
    },
    {
      "mode": "managed",
      "type": "local_file",
      "name": "devops-var",
      "provider": "provider[\"registry.terraform.io/hashicorp/local\"]",
      "instances": [
        {
          "schema_version": 0,
          "attributes": {
            "content": "this is a cooler content2",
            "content_base64": null,
            "content_base64sha256": "f9tbgUDGi215rfAqGpks4YbeAJzJWVNRsKC/buVbw7I=",
            "content_base64sha512": "LJ59N9lraMTJxKR+hqiwhfMhUF8YEJSy/22/Kwfob5Hf80KxJ446UhMj6ymNBPaNk9xaHMejLfW3Cw6OJLLiLg==",
            "content_md5": "776e79331d3b2f63cb05c37e18e81582",
            "content_sha1": "e63949d6ca68af3f97c704695308b628c5587f89",
            "content_sha256": "7fdb5b8140c68b6d79adf02a1a992ce186de009cc9595351b0a0bf6ee55bc3b2",
            "content_sha512": "2c9e7d37d96b68c4c9c4a47e86a8b085f321505f181094b2ff6dbf2b07e86f91dff342b1278e3a521323eb298d04f68d93dc5a1cc7a32df5b70b0e8e24b2e22e",
            "directory_permission": "0777",
            "file_permission": "0777",
            "filename": "hello.txt",
            "id": "e63949d6ca68af3f97c704695308b628c5587f89",
            "sensitive_content": null,
            "source": null
          },
          "sensitive_attributes": [
            [
              {
                "type": "get_attr",
                "value": "sensitive_content"
              }
            ]
          ]
        }
      ]
    }
  ],
  "check_results": null
}
